
Microsoft Visual Studio Solution File, Format Version 12.00
# Visual Studio Version 17
VisualStudioVersion = 17.11.35312.102
MinimumVisualStudioVersion = 10.0.40219.1
Project("{FAE04EC0-301F-11D3-BF4B-00C04F79EFBC}") = "StudentRegistrationApplication", "StudentRegistrationApplication\StudentRegistrationApplication.csproj", "{0989736E-B539-4D2B-B45A-614006527C30}"
EndProject
Global
	GlobalSection(SolutionConfigurationPlatforms) = preSolution
		Debug|Any CPU = Debug|Any CPU
		Release|Any CPU = Release|Any CPU
	EndGlobalSection
	GlobalSection(ProjectConfigurationPlatforms) = postSolution
		{0989736E-B539-4D2B-B45A-614006527C30}.Debug|Any CPU.ActiveCfg = Debug|Any CPU
		{0989736E-B539-4D2B-B45A-614006527C30}.Debug|Any CPU.Build.0 = Debug|Any CPU
		{0989736E-B539-4D2B-B45A-614006527C30}.Release|Any CPU.ActiveCfg = Release|Any CPU
		{0989736E-B539-4D2B-B45A-614006527C30}.Release|Any CPU.Build.0 = Release|Any CPU
	EndGlobalSection
	GlobalSection(SolutionProperties) = preSolution
		HideSolutionNode = FALSE
	EndGlobalSection
	GlobalSection(ExtensibilityGlobals) = postSolution
		SolutionGuid = {A736C29D-3C22-4EC6-8C69-3A4506A87068}
	EndGlobalSection
EndGlobal
